
Microsoft Visual Studio Solution File, Format Version 12.00
# Visual Studio Version 17
VisualStudioVersion = 17.2.32630.192
MinimumVisualStudioVersion = 10.0.40219.1
Project("{FAE04EC0-301F-11D3-BF4B-00C04F79EFBC}") = "SFU11", "SFU11\SFU11.csproj", "{EDCE3C30-CFA2-43BF-A4CB-934235B085C6}"
EndProject
Global
	GlobalSection(SolutionConfigurationPlatforms) = preSolution
		Debug|Any CPU = Debug|Any CPU
		Release|Any CPU = Release|Any CPU
	EndGlobalSection
	GlobalSection(ProjectConfigurationPlatforms) = postSolution
		{EDCE3C30-CFA2-43BF-A4CB-934235B085C6}.Debug|Any CPU.ActiveCfg = Debug|Any CPU
		{EDCE3C30-CFA2-43BF-A4CB-934235B085C6}.Debug|Any CPU.Build.0 = Debug|Any CPU
		{EDCE3C30-CFA2-43BF-A4CB-934235B085C6}.Release|Any CPU.ActiveCfg = Release|Any CPU
		{EDCE3C30-CFA2-43BF-A4CB-934235B085C6}.Release|Any CPU.Build.0 = Release|Any CPU
	EndGlobalSection
	GlobalSection(SolutionProperties) = preSolution
		HideSolutionNode = FALSE
	EndGlobalSection
	GlobalSection(ExtensibilityGlobals) = postSolution
		SolutionGuid = {F9A088D0-7CF0-4B66-9636-1773EB1294FA}
	EndGlobalSection
EndGlobal
